// !$*UTF8*$!
{
	archiveVersion = 1;
	classes = {
	};
	objectVersion = 46;
	objects = {

/* Begin PBXBuildFile section */
		ACDDEA0A1E55EA6000A2AE34 /* main.m in Sources */ = {isa = PBXBuildFile; fileRef = ACDDEA091E55EA6000A2AE34 /* main.m */; };
		ACDDEA0D1E55EA6000A2AE34 /* AppDelegate.m in Sources */ = {isa = PBXBuildFile; fileRef = ACDDEA0C1E55EA6000A2AE34 /* AppDelegate.m */; };
		ACDDEA101E55EA6000A2AE34 /* ViewController.m in Sources */ = {isa = PBXBuildFile; fileRef = ACDDEA0F1E55EA6000A2AE34 /* ViewController.m */; };
		ACDDEA131E55EA6000A2AE34 /* Main.storyboard in Resources */ = {isa = PBXBuildFile; fileRef = ACDDEA111E55EA6000A2AE34 /* Main.storyboard */; };
		ACDDEA151E55EA6000A2AE34 /* Assets.xcassets in Resources */ = {isa = PBXBuildFile; fileRef = ACDDEA141E55EA6000A2AE34 /* Assets.xcassets */; };
		ACDDEA181E55EA6000A2AE34 /* LaunchScreen.storyboard in Resources */ = {isa = PBXBuildFile; fileRef = ACDDEA161E55EA6000A2AE34 /* LaunchScreen.storyboard */; };
		ACDDEA231E55EA6000A2AE34 /* ____Tests.m in Sources */ = {isa = PBXBuildFile; fileRef = ACDDEA221E55EA6000A2AE34 /* ____Tests.m */; };
		ACDDEA2E1E55EA6000A2AE34 /* ____UITests.m in Sources */ = {isa = PBXBuildFile; fileRef = ACDDEA2D1E55EA6000A2AE34 /* ____UITests.m */; };
		ACDDEA3D1E55EAD200A2AE34 /* SubSystemOne.m in Sources */ = {isa = PBXBuildFile; fileRef = ACDDEA3C1E55EAD200A2AE34 /* SubSystemOne.m */; };
		ACDDEA401E55EAFF00A2AE34 /* SubSystemTwo.m in Sources */ = {isa = PBXBuildFile; fileRef = ACDDEA3F1E55EAFF00A2AE34 /* SubSystemTwo.m */; };
		ACDDEA431E55EFAD00A2AE34 /* SubSystemThree.m in Sources */ = {isa = PBXBuildFile; fileRef = ACDDEA421E55EFAD00A2AE34 /* SubSystemThree.m */; };
		ACDDEA461E55EFDF00A2AE34 /* SubSystemFour.m in Sources */ = {isa = PBXBuildFile; fileRef = ACDDEA451E55EFDF00A2AE34 /* SubSystemFour.m */; };
		ACDDEA491E55F00800A2AE34 /* Facade.m in Sources */ = {isa = PBXBuildFile; fileRef = ACDDEA481E55F00800A2AE34 /* Facade.m */; };
/* End PBXBuildFile section */

/* Begin PBXContainerItemProxy section */
		ACDDEA1F1E55EA6000A2AE34 /* PBXContainerItemProxy */ = {
			isa = PBXContainerItemProxy;
			containerPortal = ACDDE9FD1E55EA6000A2AE34 /* Project object */;
			proxyType = 1;
			remoteGlobalIDString = ACDDEA041E55EA6000A2AE34;
			remoteInfo = "外观模式";
		};
		ACDDEA2A1E55EA6000A2AE34 /* PBXContainerItemProxy */ = {
			isa = PBXContainerItemProxy;
			containerPortal = ACDDE9FD1E55EA6000A2AE34 /* Project object */;
			proxyType = 1;
			remoteGlobalIDString = ACDDEA041E55EA6000A2AE34;
			remoteInfo = "外观模式";
		};
/* End PBXContainerItemProxy section */

/* Begin PBXFileReference section */
		2C1AC3DB2657E0AB002222FC /* System.h */ = {isa = PBXFileReference; lastKnownFileType = sourcecode.c.h; path = System.h; sourceTree = "<group>"; };
		ACDDEA051E55EA6000A2AE34 /* 外观模式.app */ = {isa = PBXFileReference; explicitFileType = wrapper.application; includeInIndex = 0; path = "外观模式.app"; sourceTree = BUILT_PRODUCTS_DIR; };
		ACDDEA091E55EA6000A2AE34 /* main.m */ = {isa = PBXFileReference; lastKnownFileType = sourcecode.c.objc; path = main.m; sourceTree = "<group>"; };
		ACDDEA0B1E55EA6000A2AE34 /* AppDelegate.h */ = {isa = PBXFileReference; lastKnownFileType = sourcecode.c.h; path = AppDelegate.h; sourceTree = "<group>"; };
		ACDDEA0C1E55EA6000A2AE34 /* AppDelegate.m */ = {isa = PBXFileReference; lastKnownFileType = sourcecode.c.objc; path = AppDelegate.m; sourceTree = "<group>"; };
		ACDDEA0E1E55EA6000A2AE34 /* ViewController.h */ = {isa = PBXFileReference; lastKnownFileType = sourcecode.c.h; path = ViewController.h; sourceTree = "<group>"; };
		ACDDEA0F1E55EA6000A2AE34 /* ViewController.m */ = {isa = PBXFileReference; lastKnownFileType = sourcecode.c.objc; path = ViewController.m; sourceTree = "<group>"; };
		ACDDEA121E55EA6000A2AE34 /* Base */ = {isa = PBXFileReference; lastKnownFileType = file.storyboard; name = Base; path = Base.lproj/Main.storyboard; sourceTree = "<group>"; };
		ACDDEA141E55EA6000A2AE34 /* Assets.xcassets */ = {isa = PBXFileReference; lastKnownFileType = folder.assetcatalog; path = Assets.xcassets; sourceTree = "<group>"; };
		ACDDEA171E55EA6000A2AE34 /* Base */ = {isa = PBXFileReference; lastKnownFileType = file.storyboard; name = Base; path = Base.lproj/LaunchScreen.storyboard; sourceTree = "<group>"; };
		ACDDEA191E55EA6000A2AE34 /* Info.plist */ = {isa = PBXFileReference; lastKnownFileType = text.plist.xml; path = Info.plist; sourceTree = "<group>"; };
		ACDDEA1E1E55EA6000A2AE34 /* 外观模式Tests.xctest */ = {isa = PBXFileReference; explicitFileType = wrapper.cfbundle; includeInIndex = 0; path = "外观模式Tests.xctest"; sourceTree = BUILT_PRODUCTS_DIR; };
		ACDDEA221E55EA6000A2AE34 /* ____Tests.m */ = {isa = PBXFileReference; lastKnownFileType = sourcecode.c.objc; path = "____Tests.m"; sourceTree = "<group>"; };
		ACDDEA241E55EA6000A2AE34 /* Info.plist */ = {isa = PBXFileReference; lastKnownFileType = text.plist.xml; path = Info.plist; sourceTree = "<group>"; };
		ACDDEA291E55EA6000A2AE34 /* 外观模式UITests.xctest */ = {isa = PBXFileReference; explicitFileType = wrapper.cfbundle; includeInIndex = 0; path = "外观模式UITests.xctest"; sourceTree = BUILT_PRODUCTS_DIR; };
		ACDDEA2D1E55EA6000A2AE34 /* ____UITests.m */ = {isa = PBXFileReference; lastKnownFileType = sourcecode.c.objc; path = "____UITests.m"; sourceTree = "<group>"; };
		ACDDEA2F1E55EA6000A2AE34 /* Info.plist */ = {isa = PBXFileReference; lastKnownFileType = text.plist.xml; path = Info.plist; sourceTree = "<group>"; };
		ACDDEA3B1E55EAD200A2AE34 /* SubSystemOne.h */ = {isa = PBXFileReference; fileEncoding = 4; lastKnownFileType = sourcecode.c.h; path = SubSystemOne.h; sourceTree = "<group>"; };
		ACDDEA3C1E55EAD200A2AE34 /* SubSystemOne.m */ = {isa = PBXFileReference; fileEncoding = 4; lastKnownFileType = sourcecode.c.objc; path = SubSystemOne.m; sourceTree = "<group>"; };
		ACDDEA3E1E55EAFF00A2AE34 /* SubSystemTwo.h */ = {isa = PBXFileReference; fileEncoding = 4; lastKnownFileType = sourcecode.c.h; path = SubSystemTwo.h; sourceTree = "<group>"; };
		ACDDEA3F1E55EAFF00A2AE34 /* SubSystemTwo.m */ = {isa = PBXFileReference; fileEncoding = 4; lastKnownFileType = sourcecode.c.objc; path = SubSystemTwo.m; sourceTree = "<group>"; };
		ACDDEA411E55EFAD00A2AE34 /* SubSystemThree.h */ = {isa = PBXFileReference; fileEncoding = 4; lastKnownFileType = sourcecode.c.h; path = SubSystemThree.h; sourceTree = "<group>"; };
		ACDDEA421E55EFAD00A2AE34 /* SubSystemThree.m */ = {isa = PBXFileReference; fileEncoding = 4; lastKnownFileType = sourcecode.c.objc; path = SubSystemThree.m; sourceTree = "<group>"; };
		ACDDEA441E55EFDF00A2AE34 /* SubSystemFour.h */ = {isa = PBXFileReference; fileEncoding = 4; lastKnownFileType = sourcecode.c.h; path = SubSystemFour.h; sourceTree = "<group>"; };
		ACDDEA451E55EFDF00A2AE34 /* SubSystemFour.m */ = {isa = PBXFileReference; fileEncoding = 4; lastKnownFileType = sourcecode.c.objc; path = SubSystemFour.m; sourceTree = "<group>"; };
		ACDDEA471E55F00800A2AE34 /* Facade.h */ = {isa = PBXFileReference; fileEncoding = 4; lastKnownFileType = sourcecode.c.h; path = Facade.h; sourceTree = "<group>"; };
		ACDDEA481E55F00800A2AE34 /* Facade.m */ = {isa = PBXFileReference; fileEncoding = 4; lastKnownFileType = sourcecode.c.objc; path = Facade.m; sourceTree = "<group>"; };
/* End PBXFileReference section */

/* Begin PBXFrameworksBuildPhase section */
		ACDDEA021E55EA6000A2AE34 /* Frameworks */ = {
			isa = PBXFrameworksBuildPhase;
			buildActionMask = 2147483647;
			files = (
			);
			runOnlyForDeploymentPostprocessing = 0;
		};
		ACDDEA1B1E55EA6000A2AE34 /* Frameworks */ = {
			isa = PBXFrameworksBuildPhase;
			buildActionMask = 2147483647;
			files = (
			);
			runOnlyForDeploymentPostprocessing = 0;
		};
		ACDDEA261E55EA6000A2AE34 /* Frameworks */ = {
			isa = PBXFrameworksBuildPhase;
			buildActionMask = 2147483647;
			files = (
			);
			runOnlyForDeploymentPostprocessing = 0;
		};
/* End PBXFrameworksBuildPhase section */

/* Begin PBXGroup section */
		ACDDE9FC1E55EA6000A2AE34 = {
			isa = PBXGroup;
			children = (
				ACDDEA071E55EA6000A2AE34 /* 外观模式 */,
				ACDDEA211E55EA6000A2AE34 /* 外观模式Tests */,
				ACDDEA2C1E55EA6000A2AE34 /* 外观模式UITests */,
				ACDDEA061E55EA6000A2AE34 /* Products */,
			);
			sourceTree = "<group>";
		};
		ACDDEA061E55EA6000A2AE34 /* Products */ = {
			isa = PBXGroup;
			children = (
				ACDDEA051E55EA6000A2AE34 /* 外观模式.app */,
				ACDDEA1E1E55EA6000A2AE34 /* 外观模式Tests.xctest */,
				ACDDEA291E55EA6000A2AE34 /* 外观模式UITests.xctest */,
			);
			name = Products;
			sourceTree = "<group>";
		};
		ACDDEA071E55EA6000A2AE34 /* 外观模式 */ = {
			isa = PBXGroup;
			children = (
				ACDDEA0B1E55EA6000A2AE34 /* AppDelegate.h */,
				ACDDEA0C1E55EA6000A2AE34 /* AppDelegate.m */,
				ACDDEA0E1E55EA6000A2AE34 /* ViewController.h */,
				ACDDEA0F1E55EA6000A2AE34 /* ViewController.m */,
				ACDDEA111E55EA6000A2AE34 /* Main.storyboard */,
				ACDDEA141E55EA6000A2AE34 /* Assets.xcassets */,
				ACDDEA161E55EA6000A2AE34 /* LaunchScreen.storyboard */,
				ACDDEA191E55EA6000A2AE34 /* Info.plist */,
				2C1AC3DB2657E0AB002222FC /* System.h */,
				ACDDEA081E55EA6000A2AE34 /* Supporting Files */,
				ACDDEA3B1E55EAD200A2AE34 /* SubSystemOne.h */,
				ACDDEA3C1E55EAD200A2AE34 /* SubSystemOne.m */,
				ACDDEA3E1E55EAFF00A2AE34 /* SubSystemTwo.h */,
				ACDDEA3F1E55EAFF00A2AE34 /* SubSystemTwo.m */,
				ACDDEA411E55EFAD00A2AE34 /* SubSystemThree.h */,
				ACDDEA421E55EFAD00A2AE34 /* SubSystemThree.m */,
				ACDDEA441E55EFDF00A2AE34 /* SubSystemFour.h */,
				ACDDEA451E55EFDF00A2AE34 /* SubSystemFour.m */,
				ACDDEA471E55F00800A2AE34 /* Facade.h */,
				ACDDEA481E55F00800A2AE34 /* Facade.m */,
			);
			path = "外观模式";
			sourceTree = "<group>";
		};
		ACDDEA081E55EA6000A2AE34 /* Supporting Files */ = {
			isa = PBXGroup;
			children = (
				ACDDEA091E55EA6000A2AE34 /* main.m */,
			);
			name = "Supporting Files";
			sourceTree = "<group>";
		};
		ACDDEA211E55EA6000A2AE34 /* 外观模式Tests */ = {
			isa = PBXGroup;
			children = (
				ACDDEA221E55EA6000A2AE34 /* ____Tests.m */,
				ACDDEA241E55EA6000A2AE34 /* Info.plist */,
			);
			path = "外观模式Tests";
			sourceTree = "<group>";
		};
		ACDDEA2C1E55EA6000A2AE34 /* 外观模式UITests */ = {
			isa = PBXGroup;
			children = (
				ACDDEA2D1E55EA6000A2AE34 /* ____UITests.m */,
				ACDDEA2F1E55EA6000A2AE34 /* Info.plist */,
			);
			path = "外观模式UITests";
			sourceTree = "<group>";
		};
/* End PBXGroup section */

/* Begin PBXNativeTarget section */
		ACDDEA041E55EA6000A2AE34 /* 外观模式 */ = {
			isa = PBXNativeTarget;
			buildConfigurationList = ACDDEA321E55EA6000A2AE34 /* Build configuration list for PBXNativeTarget "外观模式" */;
			buildPhases = (
				ACDDEA011E55EA6000A2AE34 /* Sources */,
				ACDDEA021E55EA6000A2AE34 /* Frameworks */,
				ACDDEA031E55EA6000A2AE34 /* Resources */,
			);
			buildRules = (
			);
			dependencies = (
			);
			name = "外观模式";
			productName = "外观模式";
			productReference = ACDDEA051E55EA6000A2AE34 /* 外观模式.app */;
			productType = "com.apple.product-type.application";
		};
		ACDDEA1D1E55EA6000A2AE34 /* 外观模式Tests */ = {
			isa = PBXNativeTarget;
			buildConfigurationList = ACDDEA351E55EA6000A2AE34 /* Build configuration list for PBXNativeTarget "外观模式Tests" */;
			buildPhases = (
				ACDDEA1A1E55EA6000A2AE34 /* Sources */,
				ACDDEA1B1E55EA6000A2AE34 /* Frameworks */,
				ACDDEA1C1E55EA6000A2AE34 /* Resources */,
			);
			buildRules = (
			);
			dependencies = (
				ACDDEA201E55EA6000A2AE34 /* PBXTargetDependency */,
			);
			name = "外观模式Tests";
			productName = "外观模式Tests";
			productReference = ACDDEA1E1E55EA6000A2AE34 /* 外观模式Tests.xctest */;
			productType = "com.apple.product-type.bundle.unit-test";
		};
		ACDDEA281E55EA6000A2AE34 /* 外观模式UITests */ = {
			isa = PBXNativeTarget;
			buildConfigurationList = ACDDEA381E55EA6000A2AE34 /* Build configuration list for PBXNativeTarget "外观模式UITests" */;
			buildPhases = (
				ACDDEA251E55EA6000A2AE34 /* Sources */,
				ACDDEA261E55EA6000A2AE34 /* Frameworks */,
				ACDDEA271E55EA6000A2AE34 /* Resources */,
			);
			buildRules = (
			);
			dependencies = (
				ACDDEA2B1E55EA6000A2AE34 /* PBXTargetDependency */,
			);
			name = "外观模式UITests";
			productName = "外观模式UITests";
			productReference = ACDDEA291E55EA6000A2AE34 /* 外观模式UITests.xctest */;
			productType = "com.apple.product-type.bundle.ui-testing";
		};
/* End PBXNativeTarget section */

/* Begin PBXProject section */
		ACDDE9FD1E55EA6000A2AE34 /* Project object */ = {
			isa = PBXProject;
			attributes = {
				LastUpgradeCheck = 0800;
				ORGANIZATIONNAME = BlueMobi;
				TargetAttributes = {
					ACDDEA041E55EA6000A2AE34 = {
						CreatedOnToolsVersion = 8.0;
						ProvisioningStyle = Automatic;
					};
					ACDDEA1D1E55EA6000A2AE34 = {
						CreatedOnToolsVersion = 8.0;
						ProvisioningStyle = Automatic;
						TestTargetID = ACDDEA041E55EA6000A2AE34;
					};
					ACDDEA281E55EA6000A2AE34 = {
						CreatedOnToolsVersion = 8.0;
						ProvisioningStyle = Automatic;
						TestTargetID = ACDDEA041E55EA6000A2AE34;
					};
				};
			};
			buildConfigurationList = ACDDEA001E55EA6000A2AE34 /* Build configuration list for PBXProject "外观模式" */;
			compatibilityVersion = "Xcode 3.2";
			developmentRegion = English;
			hasScannedForEncodings = 0;
			knownRegions = (
				English,
				en,
				Base,
			);
			mainGroup = ACDDE9FC1E55EA6000A2AE34;
			productRefGroup = ACDDEA061E55EA6000A2AE34 /* Products */;
			projectDirPath = "";
			projectRoot = "";
			targets = (
				ACDDEA041E55EA6000A2AE34 /* 外观模式 */,
				ACDDEA1D1E55EA6000A2AE34 /* 外观模式Tests */,
				ACDDEA281E55EA6000A2AE34 /* 外观模式UITests */,
			);
		};
/* End PBXProject section */

/* Begin PBXResourcesBuildPhase section */
		ACDDEA031E55EA6000A2AE34 /* Resources */ = {
			isa = PBXResourcesBuildPhase;
			buildActionMask = 2147483647;
			files = (
				ACDDEA181E55EA6000A2AE34 /* LaunchScreen.storyboard in Resources */,
				ACDDEA151E55EA6000A2AE34 /* Assets.xcassets in Resources */,
				ACDDEA131E55EA6000A2AE34 /* Main.storyboard in Resources */,
			);
			runOnlyForDeploymentPostprocessing = 0;
		};
		ACDDEA1C1E55EA6000A2AE34 /* Resources */ = {
			isa = PBXResourcesBuildPhase;
			buildActionMask = 2147483647;
			files = (
			);
			runOnlyForDeploymentPostprocessing = 0;
		};
		ACDDEA271E55EA6000A2AE34 /* Resources */ = {
			isa = PBXResourcesBuildPhase;
			buildActionMask = 2147483647;
			files = (
			);
			runOnlyForDeploymentPostprocessing = 0;
		};
/* End PBXResourcesBuildPhase section */

/* Begin PBXSourcesBuildPhase section */
		ACDDEA011E55EA6000A2AE34 /* Sources */ = {
			isa = PBXSourcesBuildPhase;
			buildActionMask = 2147483647;
			files = (
				ACDDEA431E55EFAD00A2AE34 /* SubSystemThree.m in Sources */,
				ACDDEA101E55EA6000A2AE34 /* ViewController.m in Sources */,
				ACDDEA0D1E55EA6000A2AE34 /* AppDelegate.m in Sources */,
				ACDDEA401E55EAFF00A2AE34 /* SubSystemTwo.m in Sources */,
				ACDDEA461E55EFDF00A2AE34 /* SubSystemFour.m in Sources */,
				ACDDEA3D1E55EAD200A2AE34 /* SubSystemOne.m in Sources */,
				ACDDEA0A1E55EA6000A2AE34 /* main.m in Sources */,
				ACDDEA491E55F00800A2AE34 /* Facade.m in Sources */,
			);
			runOnlyForDeploymentPostprocessing = 0;
		};
		ACDDEA1A1E55EA6000A2AE34 /* Sources */ = {
			isa = PBXSourcesBuildPhase;
			buildActionMask = 2147483647;
			files = (
				ACDDEA231E55EA6000A2AE34 /* ____Tests.m in Sources */,
			);
			runOnlyForDeploymentPostprocessing = 0;
		};
		ACDDEA251E55EA6000A2AE34 /* Sources */ = {
			isa = PBXSourcesBuildPhase;
			buildActionMask = 2147483647;
			files = (
				ACDDEA2E1E55EA6000A2AE34 /* ____UITests.m in Sources */,
			);
			runOnlyForDeploymentPostprocessing = 0;
		};
/* End PBXSourcesBuildPhase section */

/* Begin PBXTargetDependency section */
		ACDDEA201E55EA6000A2AE34 /* PBXTargetDependency */ = {
			isa = PBXTargetDependency;
			target = ACDDEA041E55EA6000A2AE34 /* 外观模式 */;
			targetProxy = ACDDEA1F1E55EA6000A2AE34 /* PBXContainerItemProxy */;
		};
		ACDDEA2B1E55EA6000A2AE34 /* PBXTargetDependency */ = {
			isa = PBXTargetDependency;
			target = ACDDEA041E55EA6000A2AE34 /* 外观模式 */;
			targetProxy = ACDDEA2A1E55EA6000A2AE34 /* PBXContainerItemProxy */;
		};
/* End PBXTargetDependency section */

/* Begin PBXVariantGroup section */
		ACDDEA111E55EA6000A2AE34 /* Main.storyboard */ = {
			isa = PBXVariantGroup;
			children = (
				ACDDEA121E55EA6000A2AE34 /* Base */,
			);
			name = Main.storyboard;
			sourceTree = "<group>";
		};
		ACDDEA161E55EA6000A2AE34 /* LaunchScreen.storyboard */ = {
			isa = PBXVariantGroup;
			children = (
				ACDDEA171E55EA6000A2AE34 /* Base */,
			);
			name = LaunchScreen.storyboard;
			sourceTree = "<group>";
		};
/* End PBXVariantGroup section */

/* Begin XCBuildConfiguration section */
		ACDDEA301E55EA6000A2AE34 /* Debug */ = {
			isa = XCBuildConfiguration;
			buildSettings = {
				ALWAYS_SEARCH_USER_PATHS = NO;
				CLANG_ANALYZER_NONNULL = YES;
				CLANG_CXX_LANGUAGE_STANDARD = "gnu++0x";
				CLANG_CXX_LIBRARY = "libc++";
				CLANG_ENABLE_MODULES = YES;
				CLANG_ENABLE_OBJC_ARC = YES;
				CLANG_WARN_BOOL_CONVERSION = YES;
				CLANG_WARN_CONSTANT_CONVERSION = YES;
				CLANG_WARN_DIRECT_OBJC_ISA_USAGE = YES_ERROR;
				CLANG_WARN_DOCUMENTATION_COMMENTS = YES;
				CLANG_WARN_EMPTY_BODY = YES;
				CLANG_WARN_ENUM_CONVERSION = YES;
				CLANG_WARN_INFINITE_RECURSION = YES;
				CLANG_WARN_INT_CONVERSION = YES;
				CLANG_WARN_OBJC_ROOT_CLASS = YES_ERROR;
				CLANG_WARN_SUSPICIOUS_MOVES = YES;
				CLANG_WARN_UNREACHABLE_CODE = YES;
				CLANG_WARN__DUPLICATE_METHOD_MATCH = YES;
				"CODE_SIGN_IDENTITY[sdk=iphoneos*]" = "iPhone Developer";
				COPY_PHASE_STRIP = NO;
				DEBUG_INFORMATION_FORMAT = dwarf;
				ENABLE_STRICT_OBJC_MSGSEND = YES;
				ENABLE_TESTABILITY = YES;
				GCC_C_LANGUAGE_STANDARD = gnu99;
				GCC_DYNAMIC_NO_PIC = NO;
				GCC_NO_COMMON_BLOCKS = YES;
				GCC_OPTIMIZATION_LEVEL = 0;
				GCC_PREPROCESSOR_DEFINITIONS = (
					"DEBUG=1",
					"$(inherited)",
				);
				GCC_WARN_64_TO_32_BIT_CONVERSION = YES;
				GCC_WARN_ABOUT_RETURN_TYPE = YES_ERROR;
				GCC_WARN_UNDECLARED_SELECTOR = YES;
				GCC_WARN_UNINITIALIZED_AUTOS = YES_AGGRESSIVE;
				GCC_WARN_UNUSED_FUNCTION = YES;
				GCC_WARN_UNUSED_VARIABLE = YES;
				IPHONEOS_DEPLOYMENT_TARGET = 10.0;
				MTL_ENABLE_DEBUG_INFO = YES;
				ONLY_ACTIVE_ARCH = YES;
				SDKROOT = iphoneos;
				TARGETED_DEVICE_FAMILY = "1,2";
			};
			name = Debug;
		};
		ACDDEA311E55EA6000A2AE34 /* Release */ = {
			isa = XCBuildConfiguration;
			buildSettings = {
				ALWAYS_SEARCH_USER_PATHS = NO;
				CLANG_ANALYZER_NONNULL = YES;
				CLANG_CXX_LANGUAGE_STANDARD = "gnu++0x";
				CLANG_CXX_LIBRARY = "libc++";
				CLANG_ENABLE_MODULES = YES;
				CLANG_ENABLE_OBJC_ARC = YES;
				CLANG_WARN_BOOL_CONVERSION = YES;
				CLANG_WARN_CONSTANT_CONVERSION = YES;
				CLANG_WARN_DIRECT_OBJC_ISA_USAGE = YES_ERROR;
				CLANG_WARN_DOCUMENTATION_COMMENTS = YES;
				CLANG_WARN_EMPTY_BODY = YES;
				CLANG_WARN_ENUM_CONVERSION = YES;
				CLANG_WARN_INFINITE_RECURSION = YES;
				CLANG_WARN_INT_CONVERSION = YES;
				CLANG_WARN_OBJC_ROOT_CLASS = YES_ERROR;
				CLANG_WARN_SUSPICIOUS_MOVES = YES;
				CLANG_WARN_UNREACHABLE_CODE = YES;
				CLANG_WARN__DUPLICATE_METHOD_MATCH = YES;
				"CODE_SIGN_IDENTITY[sdk=iphoneos*]" = "iPhone Developer";
				COPY_PHASE_STRIP = NO;
				DEBUG_INFORMATION_FORMAT = "dwarf-with-dsym";
				ENABLE_NS_ASSERTIONS = NO;
				ENABLE_STRICT_OBJC_MSGSEND = YES;
				GCC_C_LANGUAGE_STANDARD = gnu99;
				GCC_NO_COMMON_BLOCKS = YES;
				GCC_WARN_64_TO_32_BIT_CONVERSION = YES;
				GCC_WARN_ABOUT_RETURN_TYPE = YES_ERROR;
				GCC_WARN_UNDECLARED_SELECTOR = YES;
				GCC_WARN_UNINITIALIZED_AUTOS = YES_AGGRESSIVE;
				GCC_WARN_UNUSED_FUNCTION = YES;
				GCC_WARN_UNUSED_VARIABLE = YES;
				IPHONEOS_DEPLOYMENT_TARGET = 10.0;
				MTL_ENABLE_DEBUG_INFO = NO;
				SDKROOT = iphoneos;
				TARGETED_DEVICE_FAMILY = "1,2";
				VALIDATE_PRODUCT = YES;
			};
			name = Release;
		};
		ACDDEA331E55EA6000A2AE34 /* Debug */ = {
			isa = XCBuildConfiguration;
			buildSettings = {
				ASSETCATALOG_COMPILER_APPICON_NAME = AppIcon;
				INFOPLIST_FILE = "外观模式/Info.plist";
				LD_RUNPATH_SEARCH_PATHS = "$(inherited) @executable_path/Frameworks";
				PRODUCT_BUNDLE_IDENTIFIER = "com.MainDesign.www.----";
				PRODUCT_NAME = "$(TARGET_NAME)";
			};
			name = Debug;
		};
		ACDDEA341E55EA6000A2AE34 /* Release */ = {
			isa = XCBuildConfiguration;
			buildSettings = {
				ASSETCATALOG_COMPILER_APPICON_NAME = AppIcon;
				INFOPLIST_FILE = "外观模式/Info.plist";
				LD_RUNPATH_SEARCH_PATHS = "$(inherited) @executable_path/Frameworks";
				PRODUCT_BUNDLE_IDENTIFIER = "com.MainDesign.www.----";
				PRODUCT_NAME = "$(TARGET_NAME)";
			};
			name = Release;
		};
		ACDDEA361E55EA6000A2AE34 /* Debug */ = {
			isa = XCBuildConfiguration;
			buildSettings = {
				BUNDLE_LOADER = "$(TEST_HOST)";
				INFOPLIST_FILE = "外观模式Tests/Info.plist";
				LD_RUNPATH_SEARCH_PATHS = "$(inherited) @executable_path/Frameworks @loader_path/Frameworks";
				PRODUCT_BUNDLE_IDENTIFIER = "com.MainDesign.www.----Tests";
				PRODUCT_NAME = "$(TARGET_NAME)";
				TEST_HOST = "$(BUILT_PRODUCTS_DIR)/外观模式.app/外观模式";
			};
			name = Debug;
		};
		ACDDEA371E55EA6000A2AE34 /* Release */ = {
			isa = XCBuildConfiguration;
			buildSettings = {
				BUNDLE_LOADER = "$(TEST_HOST)";
				INFOPLIST_FILE = "外观模式Tests/Info.plist";
				LD_RUNPATH_SEARCH_PATHS = "$(inherited) @executable_path/Frameworks @loader_path/Frameworks";
				PRODUCT_BUNDLE_IDENTIFIER = "com.MainDesign.www.----Tests";
				PRODUCT_NAME = "$(TARGET_NAME)";
				TEST_HOST = "$(BUILT_PRODUCTS_DIR)/外观模式.app/外观模式";
			};
			name = Release;
		};
		ACDDEA391E55EA6000A2AE34 /* Debug */ = {
			isa = XCBuildConfiguration;
			buildSettings = {
				INFOPLIST_FILE = "外观模式UITests/Info.plist";
				LD_RUNPATH_SEARCH_PATHS = "$(inherited) @executable_path/Frameworks @loader_path/Frameworks";
				PRODUCT_BUNDLE_IDENTIFIER = "com.MainDesign.www.----UITests";
				PRODUCT_NAME = "$(TARGET_NAME)";
				TEST_TARGET_NAME = "外观模式";
			};
			name = Debug;
		};
		ACDDEA3A1E55EA6000A2AE34 /* Release */ = {
			isa = XCBuildConfiguration;
			buildSettings = {
				INFOPLIST_FILE = "外观模式UITests/Info.plist";
				LD_RUNPATH_SEARCH_PATHS = "$(inherited) @executable_path/Frameworks @loader_path/Frameworks";
				PRODUCT_BUNDLE_IDENTIFIER = "com.MainDesign.www.----UITests";
				PRODUCT_NAME = "$(TARGET_NAME)";
				TEST_TARGET_NAME = "外观模式";
			};
			name = Release;
		};
/* End XCBuildConfiguration section */

/* Begin XCConfigurationList section */
		ACDDEA001E55EA6000A2AE34 /* Build configuration list for PBXProject "外观模式" */ = {
			isa = XCConfigurationList;
			buildConfigurations = (
				ACDDEA301E55EA6000A2AE34 /* Debug */,
				ACDDEA311E55EA6000A2AE34 /* Release */,
			);
			defaultConfigurationIsVisible = 0;
			defaultConfigurationName = Release;
		};
		ACDDEA321E55EA6000A2AE34 /* Build configuration list for PBXNativeTarget "外观模式" */ = {
			isa = XCConfigurationList;
			buildConfigurations = (
				ACDDEA331E55EA6000A2AE34 /* Debug */,
				ACDDEA341E55EA6000A2AE34 /* Release */,
			);
			defaultConfigurationIsVisible = 0;
			defaultConfigurationName = Release;
		};
		ACDDEA351E55EA6000A2AE34 /* Build configuration list for PBXNativeTarget "外观模式Tests" */ = {
			isa = XCConfigurationList;
			buildConfigurations = (
				ACDDEA361E55EA6000A2AE34 /* Debug */,
				ACDDEA371E55EA6000A2AE34 /* Release */,
			);
			defaultConfigurationIsVisible = 0;
			defaultConfigurationName = Release;
		};
		ACDDEA381E55EA6000A2AE34 /* Build configuration list for PBXNativeTarget "外观模式UITests" */ = {
			isa = XCConfigurationList;
			buildConfigurations = (
				ACDDEA391E55EA6000A2AE34 /* Debug */,
				ACDDEA3A1E55EA6000A2AE34 /* Release */,
			);
			defaultConfigurationIsVisible = 0;
			defaultConfigurationName = Release;
		};
/* End XCConfigurationList section */
	};
	rootObject = ACDDE9FD1E55EA6000A2AE34 /* Project object */;
}
