// !$*UTF8*$!
{
	archiveVersion = 1;
	classes = {
	};
	objectVersion = 48;
	objects = {

/* Begin PBXBuildFile section */
		AC9ECA331FDB91930045615E /* AppDelegate.m in Sources */ = {isa = PBXBuildFile; fileRef = AC9ECA321FDB91930045615E /* AppDelegate.m */; };
		AC9ECA361FDB91930045615E /* ViewController.m in Sources */ = {isa = PBXBuildFile; fileRef = AC9ECA351FDB91930045615E /* ViewController.m */; };
		AC9ECA391FDB91930045615E /* Main.storyboard in Resources */ = {isa = PBXBuildFile; fileRef = AC9ECA371FDB91930045615E /* Main.storyboard */; };
		AC9ECA3B1FDB91930045615E /* Assets.xcassets in Resources */ = {isa = PBXBuildFile; fileRef = AC9ECA3A1FDB91930045615E /* Assets.xcassets */; };
		AC9ECA3E1FDB91930045615E /* LaunchScreen.storyboard in Resources */ = {isa = PBXBuildFile; fileRef = AC9ECA3C1FDB91930045615E /* LaunchScreen.storyboard */; };
		AC9ECA411FDB91930045615E /* main.m in Sources */ = {isa = PBXBuildFile; fileRef = AC9ECA401FDB91930045615E /* main.m */; };
		AC9ECA4B1FDB91930045615E /* _____Tests.m in Sources */ = {isa = PBXBuildFile; fileRef = AC9ECA4A1FDB91930045615E /* _____Tests.m */; };
		AC9ECA561FDB91930045615E /* _____UITests.m in Sources */ = {isa = PBXBuildFile; fileRef = AC9ECA551FDB91930045615E /* _____UITests.m */; };
		AC9ECA651FDB91A50045615E /* Mediator.m in Sources */ = {isa = PBXBuildFile; fileRef = AC9ECA641FDB91A50045615E /* Mediator.m */; };
		AC9ECA681FDB91D40045615E /* Colleague.m in Sources */ = {isa = PBXBuildFile; fileRef = AC9ECA671FDB91D40045615E /* Colleague.m */; };
		AC9ECA6B1FDB92B40045615E /* ConcreteMediator.m in Sources */ = {isa = PBXBuildFile; fileRef = AC9ECA6A1FDB92B40045615E /* ConcreteMediator.m */; };
		AC9ECA6E1FDBD98E0045615E /* ConcreteColleague1.m in Sources */ = {isa = PBXBuildFile; fileRef = AC9ECA6D1FDBD98E0045615E /* ConcreteColleague1.m */; };
		AC9ECA711FDBD99B0045615E /* ConcreteColleague2.m in Sources */ = {isa = PBXBuildFile; fileRef = AC9ECA701FDBD99B0045615E /* ConcreteColleague2.m */; };
/* End PBXBuildFile section */

/* Begin PBXContainerItemProxy section */
		AC9ECA471FDB91930045615E /* PBXContainerItemProxy */ = {
			isa = PBXContainerItemProxy;
			containerPortal = AC9ECA261FDB91930045615E /* Project object */;
			proxyType = 1;
			remoteGlobalIDString = AC9ECA2D1FDB91930045615E;
			remoteInfo = "中介者模式";
		};
		AC9ECA521FDB91930045615E /* PBXContainerItemProxy */ = {
			isa = PBXContainerItemProxy;
			containerPortal = AC9ECA261FDB91930045615E /* Project object */;
			proxyType = 1;
			remoteGlobalIDString = AC9ECA2D1FDB91930045615E;
			remoteInfo = "中介者模式";
		};
/* End PBXContainerItemProxy section */

/* Begin PBXFileReference section */
		AC9ECA2E1FDB91930045615E /* 中介者模式.app */ = {isa = PBXFileReference; explicitFileType = wrapper.application; includeInIndex = 0; path = "中介者模式.app"; sourceTree = BUILT_PRODUCTS_DIR; };
		AC9ECA311FDB91930045615E /* AppDelegate.h */ = {isa = PBXFileReference; lastKnownFileType = sourcecode.c.h; path = AppDelegate.h; sourceTree = "<group>"; };
		AC9ECA321FDB91930045615E /* AppDelegate.m */ = {isa = PBXFileReference; lastKnownFileType = sourcecode.c.objc; path = AppDelegate.m; sourceTree = "<group>"; };
		AC9ECA341FDB91930045615E /* ViewController.h */ = {isa = PBXFileReference; lastKnownFileType = sourcecode.c.h; path = ViewController.h; sourceTree = "<group>"; };
		AC9ECA351FDB91930045615E /* ViewController.m */ = {isa = PBXFileReference; lastKnownFileType = sourcecode.c.objc; path = ViewController.m; sourceTree = "<group>"; };
		AC9ECA381FDB91930045615E /* Base */ = {isa = PBXFileReference; lastKnownFileType = file.storyboard; name = Base; path = Base.lproj/Main.storyboard; sourceTree = "<group>"; };
		AC9ECA3A1FDB91930045615E /* Assets.xcassets */ = {isa = PBXFileReference; lastKnownFileType = folder.assetcatalog; path = Assets.xcassets; sourceTree = "<group>"; };
		AC9ECA3D1FDB91930045615E /* Base */ = {isa = PBXFileReference; lastKnownFileType = file.storyboard; name = Base; path = Base.lproj/LaunchScreen.storyboard; sourceTree = "<group>"; };
		AC9ECA3F1FDB91930045615E /* Info.plist */ = {isa = PBXFileReference; lastKnownFileType = text.plist.xml; path = Info.plist; sourceTree = "<group>"; };
		AC9ECA401FDB91930045615E /* main.m */ = {isa = PBXFileReference; lastKnownFileType = sourcecode.c.objc; path = main.m; sourceTree = "<group>"; };
		AC9ECA461FDB91930045615E /* 中介者模式Tests.xctest */ = {isa = PBXFileReference; explicitFileType = wrapper.cfbundle; includeInIndex = 0; path = "中介者模式Tests.xctest"; sourceTree = BUILT_PRODUCTS_DIR; };
		AC9ECA4A1FDB91930045615E /* _____Tests.m */ = {isa = PBXFileReference; lastKnownFileType = sourcecode.c.objc; path = "_____Tests.m"; sourceTree = "<group>"; };
		AC9ECA4C1FDB91930045615E /* Info.plist */ = {isa = PBXFileReference; lastKnownFileType = text.plist.xml; path = Info.plist; sourceTree = "<group>"; };
		AC9ECA511FDB91930045615E /* 中介者模式UITests.xctest */ = {isa = PBXFileReference; explicitFileType = wrapper.cfbundle; includeInIndex = 0; path = "中介者模式UITests.xctest"; sourceTree = BUILT_PRODUCTS_DIR; };
		AC9ECA551FDB91930045615E /* _____UITests.m */ = {isa = PBXFileReference; lastKnownFileType = sourcecode.c.objc; path = "_____UITests.m"; sourceTree = "<group>"; };
		AC9ECA571FDB91930045615E /* Info.plist */ = {isa = PBXFileReference; lastKnownFileType = text.plist.xml; path = Info.plist; sourceTree = "<group>"; };
		AC9ECA631FDB91A50045615E /* Mediator.h */ = {isa = PBXFileReference; lastKnownFileType = sourcecode.c.h; path = Mediator.h; sourceTree = "<group>"; };
		AC9ECA641FDB91A50045615E /* Mediator.m */ = {isa = PBXFileReference; lastKnownFileType = sourcecode.c.objc; path = Mediator.m; sourceTree = "<group>"; };
		AC9ECA661FDB91D40045615E /* Colleague.h */ = {isa = PBXFileReference; lastKnownFileType = sourcecode.c.h; path = Colleague.h; sourceTree = "<group>"; };
		AC9ECA671FDB91D40045615E /* Colleague.m */ = {isa = PBXFileReference; lastKnownFileType = sourcecode.c.objc; path = Colleague.m; sourceTree = "<group>"; };
		AC9ECA691FDB92B40045615E /* ConcreteMediator.h */ = {isa = PBXFileReference; lastKnownFileType = sourcecode.c.h; path = ConcreteMediator.h; sourceTree = "<group>"; };
		AC9ECA6A1FDB92B40045615E /* ConcreteMediator.m */ = {isa = PBXFileReference; lastKnownFileType = sourcecode.c.objc; path = ConcreteMediator.m; sourceTree = "<group>"; };
		AC9ECA6C1FDBD98E0045615E /* ConcreteColleague1.h */ = {isa = PBXFileReference; lastKnownFileType = sourcecode.c.h; path = ConcreteColleague1.h; sourceTree = "<group>"; };
		AC9ECA6D1FDBD98E0045615E /* ConcreteColleague1.m */ = {isa = PBXFileReference; lastKnownFileType = sourcecode.c.objc; path = ConcreteColleague1.m; sourceTree = "<group>"; };
		AC9ECA6F1FDBD99B0045615E /* ConcreteColleague2.h */ = {isa = PBXFileReference; lastKnownFileType = sourcecode.c.h; path = ConcreteColleague2.h; sourceTree = "<group>"; };
		AC9ECA701FDBD99B0045615E /* ConcreteColleague2.m */ = {isa = PBXFileReference; lastKnownFileType = sourcecode.c.objc; path = ConcreteColleague2.m; sourceTree = "<group>"; };
/* End PBXFileReference section */

/* Begin PBXFrameworksBuildPhase section */
		AC9ECA2B1FDB91930045615E /* Frameworks */ = {
			isa = PBXFrameworksBuildPhase;
			buildActionMask = 2147483647;
			files = (
			);
			runOnlyForDeploymentPostprocessing = 0;
		};
		AC9ECA431FDB91930045615E /* Frameworks */ = {
			isa = PBXFrameworksBuildPhase;
			buildActionMask = 2147483647;
			files = (
			);
			runOnlyForDeploymentPostprocessing = 0;
		};
		AC9ECA4E1FDB91930045615E /* Frameworks */ = {
			isa = PBXFrameworksBuildPhase;
			buildActionMask = 2147483647;
			files = (
			);
			runOnlyForDeploymentPostprocessing = 0;
		};
/* End PBXFrameworksBuildPhase section */

/* Begin PBXGroup section */
		AC9ECA251FDB91930045615E = {
			isa = PBXGroup;
			children = (
				AC9ECA301FDB91930045615E /* 中介者模式 */,
				AC9ECA491FDB91930045615E /* 中介者模式Tests */,
				AC9ECA541FDB91930045615E /* 中介者模式UITests */,
				AC9ECA2F1FDB91930045615E /* Products */,
			);
			sourceTree = "<group>";
		};
		AC9ECA2F1FDB91930045615E /* Products */ = {
			isa = PBXGroup;
			children = (
				AC9ECA2E1FDB91930045615E /* 中介者模式.app */,
				AC9ECA461FDB91930045615E /* 中介者模式Tests.xctest */,
				AC9ECA511FDB91930045615E /* 中介者模式UITests.xctest */,
			);
			name = Products;
			sourceTree = "<group>";
		};
		AC9ECA301FDB91930045615E /* 中介者模式 */ = {
			isa = PBXGroup;
			children = (
				AC9ECA311FDB91930045615E /* AppDelegate.h */,
				AC9ECA321FDB91930045615E /* AppDelegate.m */,
				AC9ECA341FDB91930045615E /* ViewController.h */,
				AC9ECA351FDB91930045615E /* ViewController.m */,
				AC9ECA371FDB91930045615E /* Main.storyboard */,
				AC9ECA3A1FDB91930045615E /* Assets.xcassets */,
				AC9ECA3C1FDB91930045615E /* LaunchScreen.storyboard */,
				AC9ECA3F1FDB91930045615E /* Info.plist */,
				AC9ECA401FDB91930045615E /* main.m */,
				AC9ECA631FDB91A50045615E /* Mediator.h */,
				AC9ECA641FDB91A50045615E /* Mediator.m */,
				AC9ECA661FDB91D40045615E /* Colleague.h */,
				AC9ECA671FDB91D40045615E /* Colleague.m */,
				AC9ECA691FDB92B40045615E /* ConcreteMediator.h */,
				AC9ECA6A1FDB92B40045615E /* ConcreteMediator.m */,
				AC9ECA6C1FDBD98E0045615E /* ConcreteColleague1.h */,
				AC9ECA6D1FDBD98E0045615E /* ConcreteColleague1.m */,
				AC9ECA6F1FDBD99B0045615E /* ConcreteColleague2.h */,
				AC9ECA701FDBD99B0045615E /* ConcreteColleague2.m */,
			);
			path = "中介者模式";
			sourceTree = "<group>";
		};
		AC9ECA491FDB91930045615E /* 中介者模式Tests */ = {
			isa = PBXGroup;
			children = (
				AC9ECA4A1FDB91930045615E /* _____Tests.m */,
				AC9ECA4C1FDB91930045615E /* Info.plist */,
			);
			path = "中介者模式Tests";
			sourceTree = "<group>";
		};
		AC9ECA541FDB91930045615E /* 中介者模式UITests */ = {
			isa = PBXGroup;
			children = (
				AC9ECA551FDB91930045615E /* _____UITests.m */,
				AC9ECA571FDB91930045615E /* Info.plist */,
			);
			path = "中介者模式UITests";
			sourceTree = "<group>";
		};
/* End PBXGroup section */

/* Begin PBXNativeTarget section */
		AC9ECA2D1FDB91930045615E /* 中介者模式 */ = {
			isa = PBXNativeTarget;
			buildConfigurationList = AC9ECA5A1FDB91930045615E /* Build configuration list for PBXNativeTarget "中介者模式" */;
			buildPhases = (
				AC9ECA2A1FDB91930045615E /* Sources */,
				AC9ECA2B1FDB91930045615E /* Frameworks */,
				AC9ECA2C1FDB91930045615E /* Resources */,
			);
			buildRules = (
			);
			dependencies = (
			);
			name = "中介者模式";
			productName = "中介者模式";
			productReference = AC9ECA2E1FDB91930045615E /* 中介者模式.app */;
			productType = "com.apple.product-type.application";
		};
		AC9ECA451FDB91930045615E /* 中介者模式Tests */ = {
			isa = PBXNativeTarget;
			buildConfigurationList = AC9ECA5D1FDB91930045615E /* Build configuration list for PBXNativeTarget "中介者模式Tests" */;
			buildPhases = (
				AC9ECA421FDB91930045615E /* Sources */,
				AC9ECA431FDB91930045615E /* Frameworks */,
				AC9ECA441FDB91930045615E /* Resources */,
			);
			buildRules = (
			);
			dependencies = (
				AC9ECA481FDB91930045615E /* PBXTargetDependency */,
			);
			name = "中介者模式Tests";
			productName = "中介者模式Tests";
			productReference = AC9ECA461FDB91930045615E /* 中介者模式Tests.xctest */;
			productType = "com.apple.product-type.bundle.unit-test";
		};
		AC9ECA501FDB91930045615E /* 中介者模式UITests */ = {
			isa = PBXNativeTarget;
			buildConfigurationList = AC9ECA601FDB91930045615E /* Build configuration list for PBXNativeTarget "中介者模式UITests" */;
			buildPhases = (
				AC9ECA4D1FDB91930045615E /* Sources */,
				AC9ECA4E1FDB91930045615E /* Frameworks */,
				AC9ECA4F1FDB91930045615E /* Resources */,
			);
			buildRules = (
			);
			dependencies = (
				AC9ECA531FDB91930045615E /* PBXTargetDependency */,
			);
			name = "中介者模式UITests";
			productName = "中介者模式UITests";
			productReference = AC9ECA511FDB91930045615E /* 中介者模式UITests.xctest */;
			productType = "com.apple.product-type.bundle.ui-testing";
		};
/* End PBXNativeTarget section */

/* Begin PBXProject section */
		AC9ECA261FDB91930045615E /* Project object */ = {
			isa = PBXProject;
			attributes = {
				LastUpgradeCheck = 0910;
				ORGANIZATIONNAME = sunqi;
				TargetAttributes = {
					AC9ECA2D1FDB91930045615E = {
						CreatedOnToolsVersion = 9.1;
						ProvisioningStyle = Automatic;
					};
					AC9ECA451FDB91930045615E = {
						CreatedOnToolsVersion = 9.1;
						ProvisioningStyle = Automatic;
						TestTargetID = AC9ECA2D1FDB91930045615E;
					};
					AC9ECA501FDB91930045615E = {
						CreatedOnToolsVersion = 9.1;
						ProvisioningStyle = Automatic;
						TestTargetID = AC9ECA2D1FDB91930045615E;
					};
				};
			};
			buildConfigurationList = AC9ECA291FDB91930045615E /* Build configuration list for PBXProject "中介者模式" */;
			compatibilityVersion = "Xcode 8.0";
			developmentRegion = en;
			hasScannedForEncodings = 0;
			knownRegions = (
				en,
				Base,
			);
			mainGroup = AC9ECA251FDB91930045615E;
			productRefGroup = AC9ECA2F1FDB91930045615E /* Products */;
			projectDirPath = "";
			projectRoot = "";
			targets = (
				AC9ECA2D1FDB91930045615E /* 中介者模式 */,
				AC9ECA451FDB91930045615E /* 中介者模式Tests */,
				AC9ECA501FDB91930045615E /* 中介者模式UITests */,
			);
		};
/* End PBXProject section */

/* Begin PBXResourcesBuildPhase section */
		AC9ECA2C1FDB91930045615E /* Resources */ = {
			isa = PBXResourcesBuildPhase;
			buildActionMask = 2147483647;
			files = (
				AC9ECA3E1FDB91930045615E /* LaunchScreen.storyboard in Resources */,
				AC9ECA3B1FDB91930045615E /* Assets.xcassets in Resources */,
				AC9ECA391FDB91930045615E /* Main.storyboard in Resources */,
			);
			runOnlyForDeploymentPostprocessing = 0;
		};
		AC9ECA441FDB91930045615E /* Resources */ = {
			isa = PBXResourcesBuildPhase;
			buildActionMask = 2147483647;
			files = (
			);
			runOnlyForDeploymentPostprocessing = 0;
		};
		AC9ECA4F1FDB91930045615E /* Resources */ = {
			isa = PBXResourcesBuildPhase;
			buildActionMask = 2147483647;
			files = (
			);
			runOnlyForDeploymentPostprocessing = 0;
		};
/* End PBXResourcesBuildPhase section */

/* Begin PBXSourcesBuildPhase section */
		AC9ECA2A1FDB91930045615E /* Sources */ = {
			isa = PBXSourcesBuildPhase;
			buildActionMask = 2147483647;
			files = (
				AC9ECA361FDB91930045615E /* ViewController.m in Sources */,
				AC9ECA6E1FDBD98E0045615E /* ConcreteColleague1.m in Sources */,
				AC9ECA411FDB91930045615E /* main.m in Sources */,
				AC9ECA681FDB91D40045615E /* Colleague.m in Sources */,
				AC9ECA651FDB91A50045615E /* Mediator.m in Sources */,
				AC9ECA711FDBD99B0045615E /* ConcreteColleague2.m in Sources */,
				AC9ECA331FDB91930045615E /* AppDelegate.m in Sources */,
				AC9ECA6B1FDB92B40045615E /* ConcreteMediator.m in Sources */,
			);
			runOnlyForDeploymentPostprocessing = 0;
		};
		AC9ECA421FDB91930045615E /* Sources */ = {
			isa = PBXSourcesBuildPhase;
			buildActionMask = 2147483647;
			files = (
				AC9ECA4B1FDB91930045615E /* _____Tests.m in Sources */,
			);
			runOnlyForDeploymentPostprocessing = 0;
		};
		AC9ECA4D1FDB91930045615E /* Sources */ = {
			isa = PBXSourcesBuildPhase;
			buildActionMask = 2147483647;
			files = (
				AC9ECA561FDB91930045615E /* _____UITests.m in Sources */,
			);
			runOnlyForDeploymentPostprocessing = 0;
		};
/* End PBXSourcesBuildPhase section */

/* Begin PBXTargetDependency section */
		AC9ECA481FDB91930045615E /* PBXTargetDependency */ = {
			isa = PBXTargetDependency;
			target = AC9ECA2D1FDB91930045615E /* 中介者模式 */;
			targetProxy = AC9ECA471FDB91930045615E /* PBXContainerItemProxy */;
		};
		AC9ECA531FDB91930045615E /* PBXTargetDependency */ = {
			isa = PBXTargetDependency;
			target = AC9ECA2D1FDB91930045615E /* 中介者模式 */;
			targetProxy = AC9ECA521FDB91930045615E /* PBXContainerItemProxy */;
		};
/* End PBXTargetDependency section */

/* Begin PBXVariantGroup section */
		AC9ECA371FDB91930045615E /* Main.storyboard */ = {
			isa = PBXVariantGroup;
			children = (
				AC9ECA381FDB91930045615E /* Base */,
			);
			name = Main.storyboard;
			sourceTree = "<group>";
		};
		AC9ECA3C1FDB91930045615E /* LaunchScreen.storyboard */ = {
			isa = PBXVariantGroup;
			children = (
				AC9ECA3D1FDB91930045615E /* Base */,
			);
			name = LaunchScreen.storyboard;
			sourceTree = "<group>";
		};
/* End PBXVariantGroup section */

/* Begin XCBuildConfiguration section */
		AC9ECA581FDB91930045615E /* Debug */ = {
			isa = XCBuildConfiguration;
			buildSettings = {
				ALWAYS_SEARCH_USER_PATHS = NO;
				CLANG_ANALYZER_NONNULL = YES;
				CLANG_ANALYZER_NUMBER_OBJECT_CONVERSION = YES_AGGRESSIVE;
				CLANG_CXX_LANGUAGE_STANDARD = "gnu++14";
				CLANG_CXX_LIBRARY = "libc++";
				CLANG_ENABLE_MODULES = YES;
				CLANG_ENABLE_OBJC_ARC = YES;
				CLANG_WARN_BLOCK_CAPTURE_AUTORELEASING = YES;
				CLANG_WARN_BOOL_CONVERSION = YES;
				CLANG_WARN_COMMA = YES;
				CLANG_WARN_CONSTANT_CONVERSION = YES;
				CLANG_WARN_DIRECT_OBJC_ISA_USAGE = YES_ERROR;
				CLANG_WARN_DOCUMENTATION_COMMENTS = YES;
				CLANG_WARN_EMPTY_BODY = YES;
				CLANG_WARN_ENUM_CONVERSION = YES;
				CLANG_WARN_INFINITE_RECURSION = YES;
				CLANG_WARN_INT_CONVERSION = YES;
				CLANG_WARN_NON_LITERAL_NULL_CONVERSION = YES;
				CLANG_WARN_OBJC_LITERAL_CONVERSION = YES;
				CLANG_WARN_OBJC_ROOT_CLASS = YES_ERROR;
				CLANG_WARN_RANGE_LOOP_ANALYSIS = YES;
				CLANG_WARN_STRICT_PROTOTYPES = YES;
				CLANG_WARN_SUSPICIOUS_MOVE = YES;
				CLANG_WARN_UNGUARDED_AVAILABILITY = YES_AGGRESSIVE;
				CLANG_WARN_UNREACHABLE_CODE = YES;
				CLANG_WARN__DUPLICATE_METHOD_MATCH = YES;
				CODE_SIGN_IDENTITY = "iPhone Developer";
				COPY_PHASE_STRIP = NO;
				DEBUG_INFORMATION_FORMAT = dwarf;
				ENABLE_STRICT_OBJC_MSGSEND = YES;
				ENABLE_TESTABILITY = YES;
				GCC_C_LANGUAGE_STANDARD = gnu11;
				GCC_DYNAMIC_NO_PIC = NO;
				GCC_NO_COMMON_BLOCKS = YES;
				GCC_OPTIMIZATION_LEVEL = 0;
				GCC_PREPROCESSOR_DEFINITIONS = (
					"DEBUG=1",
					"$(inherited)",
				);
				GCC_WARN_64_TO_32_BIT_CONVERSION = YES;
				GCC_WARN_ABOUT_RETURN_TYPE = YES_ERROR;
				GCC_WARN_UNDECLARED_SELECTOR = YES;
				GCC_WARN_UNINITIALIZED_AUTOS = YES_AGGRESSIVE;
				GCC_WARN_UNUSED_FUNCTION = YES;
				GCC_WARN_UNUSED_VARIABLE = YES;
				IPHONEOS_DEPLOYMENT_TARGET = 11.1;
				MTL_ENABLE_DEBUG_INFO = YES;
				ONLY_ACTIVE_ARCH = YES;
				SDKROOT = iphoneos;
			};
			name = Debug;
		};
		AC9ECA591FDB91930045615E /* Release */ = {
			isa = XCBuildConfiguration;
			buildSettings = {
				ALWAYS_SEARCH_USER_PATHS = NO;
				CLANG_ANALYZER_NONNULL = YES;
				CLANG_ANALYZER_NUMBER_OBJECT_CONVERSION = YES_AGGRESSIVE;
				CLANG_CXX_LANGUAGE_STANDARD = "gnu++14";
				CLANG_CXX_LIBRARY = "libc++";
				CLANG_ENABLE_MODULES = YES;
				CLANG_ENABLE_OBJC_ARC = YES;
				CLANG_WARN_BLOCK_CAPTURE_AUTORELEASING = YES;
				CLANG_WARN_BOOL_CONVERSION = YES;
				CLANG_WARN_COMMA = YES;
				CLANG_WARN_CONSTANT_CONVERSION = YES;
				CLANG_WARN_DIRECT_OBJC_ISA_USAGE = YES_ERROR;
				CLANG_WARN_DOCUMENTATION_COMMENTS = YES;
				CLANG_WARN_EMPTY_BODY = YES;
				CLANG_WARN_ENUM_CONVERSION = YES;
				CLANG_WARN_INFINITE_RECURSION = YES;
				CLANG_WARN_INT_CONVERSION = YES;
				CLANG_WARN_NON_LITERAL_NULL_CONVERSION = YES;
				CLANG_WARN_OBJC_LITERAL_CONVERSION = YES;
				CLANG_WARN_OBJC_ROOT_CLASS = YES_ERROR;
				CLANG_WARN_RANGE_LOOP_ANALYSIS = YES;
				CLANG_WARN_STRICT_PROTOTYPES = YES;
				CLANG_WARN_SUSPICIOUS_MOVE = YES;
				CLANG_WARN_UNGUARDED_AVAILABILITY = YES_AGGRESSIVE;
				CLANG_WARN_UNREACHABLE_CODE = YES;
				CLANG_WARN__DUPLICATE_METHOD_MATCH = YES;
				CODE_SIGN_IDENTITY = "iPhone Developer";
				COPY_PHASE_STRIP = NO;
				DEBUG_INFORMATION_FORMAT = "dwarf-with-dsym";
				ENABLE_NS_ASSERTIONS = NO;
				ENABLE_STRICT_OBJC_MSGSEND = YES;
				GCC_C_LANGUAGE_STANDARD = gnu11;
				GCC_NO_COMMON_BLOCKS = YES;
				GCC_WARN_64_TO_32_BIT_CONVERSION = YES;
				GCC_WARN_ABOUT_RETURN_TYPE = YES_ERROR;
				GCC_WARN_UNDECLARED_SELECTOR = YES;
				GCC_WARN_UNINITIALIZED_AUTOS = YES_AGGRESSIVE;
				GCC_WARN_UNUSED_FUNCTION = YES;
				GCC_WARN_UNUSED_VARIABLE = YES;
				IPHONEOS_DEPLOYMENT_TARGET = 11.1;
				MTL_ENABLE_DEBUG_INFO = NO;
				SDKROOT = iphoneos;
				VALIDATE_PRODUCT = YES;
			};
			name = Release;
		};
		AC9ECA5B1FDB91930045615E /* Debug */ = {
			isa = XCBuildConfiguration;
			buildSettings = {
				ASSETCATALOG_COMPILER_APPICON_NAME = AppIcon;
				CODE_SIGN_STYLE = Automatic;
				INFOPLIST_FILE = "中介者模式/Info.plist";
				LD_RUNPATH_SEARCH_PATHS = "$(inherited) @executable_path/Frameworks";
				PRODUCT_BUNDLE_IDENTIFIER = "com.sunqi.www.-----";
				PRODUCT_NAME = "$(TARGET_NAME)";
				TARGETED_DEVICE_FAMILY = "1,2";
			};
			name = Debug;
		};
		AC9ECA5C1FDB91930045615E /* Release */ = {
			isa = XCBuildConfiguration;
			buildSettings = {
				ASSETCATALOG_COMPILER_APPICON_NAME = AppIcon;
				CODE_SIGN_STYLE = Automatic;
				INFOPLIST_FILE = "中介者模式/Info.plist";
				LD_RUNPATH_SEARCH_PATHS = "$(inherited) @executable_path/Frameworks";
				PRODUCT_BUNDLE_IDENTIFIER = "com.sunqi.www.-----";
				PRODUCT_NAME = "$(TARGET_NAME)";
				TARGETED_DEVICE_FAMILY = "1,2";
			};
			name = Release;
		};
		AC9ECA5E1FDB91930045615E /* Debug */ = {
			isa = XCBuildConfiguration;
			buildSettings = {
				BUNDLE_LOADER = "$(TEST_HOST)";
				CODE_SIGN_STYLE = Automatic;
				INFOPLIST_FILE = "中介者模式Tests/Info.plist";
				LD_RUNPATH_SEARCH_PATHS = "$(inherited) @executable_path/Frameworks @loader_path/Frameworks";
				PRODUCT_BUNDLE_IDENTIFIER = "com.sunqi.www.-----Tests";
				PRODUCT_NAME = "$(TARGET_NAME)";
				TARGETED_DEVICE_FAMILY = "1,2";
				TEST_HOST = "$(BUILT_PRODUCTS_DIR)/中介者模式.app/中介者模式";
			};
			name = Debug;
		};
		AC9ECA5F1FDB91930045615E /* Release */ = {
			isa = XCBuildConfiguration;
			buildSettings = {
				BUNDLE_LOADER = "$(TEST_HOST)";
				CODE_SIGN_STYLE = Automatic;
				INFOPLIST_FILE = "中介者模式Tests/Info.plist";
				LD_RUNPATH_SEARCH_PATHS = "$(inherited) @executable_path/Frameworks @loader_path/Frameworks";
				PRODUCT_BUNDLE_IDENTIFIER = "com.sunqi.www.-----Tests";
				PRODUCT_NAME = "$(TARGET_NAME)";
				TARGETED_DEVICE_FAMILY = "1,2";
				TEST_HOST = "$(BUILT_PRODUCTS_DIR)/中介者模式.app/中介者模式";
			};
			name = Release;
		};
		AC9ECA611FDB91930045615E /* Debug */ = {
			isa = XCBuildConfiguration;
			buildSettings = {
				CODE_SIGN_STYLE = Automatic;
				INFOPLIST_FILE = "中介者模式UITests/Info.plist";
				LD_RUNPATH_SEARCH_PATHS = "$(inherited) @executable_path/Frameworks @loader_path/Frameworks";
				PRODUCT_BUNDLE_IDENTIFIER = "com.sunqi.www.-----UITests";
				PRODUCT_NAME = "$(TARGET_NAME)";
				TARGETED_DEVICE_FAMILY = "1,2";
				TEST_TARGET_NAME = "中介者模式";
			};
			name = Debug;
		};
		AC9ECA621FDB91930045615E /* Release */ = {
			isa = XCBuildConfiguration;
			buildSettings = {
				CODE_SIGN_STYLE = Automatic;
				INFOPLIST_FILE = "中介者模式UITests/Info.plist";
				LD_RUNPATH_SEARCH_PATHS = "$(inherited) @executable_path/Frameworks @loader_path/Frameworks";
				PRODUCT_BUNDLE_IDENTIFIER = "com.sunqi.www.-----UITests";
				PRODUCT_NAME = "$(TARGET_NAME)";
				TARGETED_DEVICE_FAMILY = "1,2";
				TEST_TARGET_NAME = "中介者模式";
			};
			name = Release;
		};
/* End XCBuildConfiguration section */

/* Begin XCConfigurationList section */
		AC9ECA291FDB91930045615E /* Build configuration list for PBXProject "中介者模式" */ = {
			isa = XCConfigurationList;
			buildConfigurations = (
				AC9ECA581FDB91930045615E /* Debug */,
				AC9ECA591FDB91930045615E /* Release */,
			);
			defaultConfigurationIsVisible = 0;
			defaultConfigurationName = Release;
		};
		AC9ECA5A1FDB91930045615E /* Build configuration list for PBXNativeTarget "中介者模式" */ = {
			isa = XCConfigurationList;
			buildConfigurations = (
				AC9ECA5B1FDB91930045615E /* Debug */,
				AC9ECA5C1FDB91930045615E /* Release */,
			);
			defaultConfigurationIsVisible = 0;
			defaultConfigurationName = Release;
		};
		AC9ECA5D1FDB91930045615E /* Build configuration list for PBXNativeTarget "中介者模式Tests" */ = {
			isa = XCConfigurationList;
			buildConfigurations = (
				AC9ECA5E1FDB91930045615E /* Debug */,
				AC9ECA5F1FDB91930045615E /* Release */,
			);
			defaultConfigurationIsVisible = 0;
			defaultConfigurationName = Release;
		};
		AC9ECA601FDB91930045615E /* Build configuration list for PBXNativeTarget "中介者模式UITests" */ = {
			isa = XCConfigurationList;
			buildConfigurations = (
				AC9ECA611FDB91930045615E /* Debug */,
				AC9ECA621FDB91930045615E /* Release */,
			);
			defaultConfigurationIsVisible = 0;
			defaultConfigurationName = Release;
		};
/* End XCConfigurationList section */
	};
	rootObject = AC9ECA261FDB91930045615E /* Project object */;
}
