// !$*UTF8*$!
{
	archiveVersion = 1;
	classes = {
	};
	objectVersion = 46;
	objects = {

/* Begin PBXBuildFile section */
		ACDDE7C31E4EF97E00A2AE34 /* main.m in Sources */ = {isa = PBXBuildFile; fileRef = ACDDE7C21E4EF97E00A2AE34 /* main.m */; };
		ACDDE7C61E4EF97E00A2AE34 /* AppDelegate.m in Sources */ = {isa = PBXBuildFile; fileRef = ACDDE7C51E4EF97E00A2AE34 /* AppDelegate.m */; };
		ACDDE7C91E4EF97E00A2AE34 /* ViewController.m in Sources */ = {isa = PBXBuildFile; fileRef = ACDDE7C81E4EF97E00A2AE34 /* ViewController.m */; };
		ACDDE7CC1E4EF97E00A2AE34 /* Main.storyboard in Resources */ = {isa = PBXBuildFile; fileRef = ACDDE7CA1E4EF97E00A2AE34 /* Main.storyboard */; };
		ACDDE7CE1E4EF97E00A2AE34 /* Assets.xcassets in Resources */ = {isa = PBXBuildFile; fileRef = ACDDE7CD1E4EF97E00A2AE34 /* Assets.xcassets */; };
		ACDDE7D11E4EF97E00A2AE34 /* LaunchScreen.storyboard in Resources */ = {isa = PBXBuildFile; fileRef = ACDDE7CF1E4EF97E00A2AE34 /* LaunchScreen.storyboard */; };
		ACDDE7DC1E4EF97E00A2AE34 /* _____Tests.m in Sources */ = {isa = PBXBuildFile; fileRef = ACDDE7DB1E4EF97E00A2AE34 /* _____Tests.m */; };
		ACDDE7E71E4EF97F00A2AE34 /* _____UITests.m in Sources */ = {isa = PBXBuildFile; fileRef = ACDDE7E61E4EF97F00A2AE34 /* _____UITests.m */; };
		ACDDE7F61E4EF99700A2AE34 /* Subject.m in Sources */ = {isa = PBXBuildFile; fileRef = ACDDE7F51E4EF99700A2AE34 /* Subject.m */; };
		ACDDE7F91E4EF9A500A2AE34 /* Observe.m in Sources */ = {isa = PBXBuildFile; fileRef = ACDDE7F81E4EF9A500A2AE34 /* Observe.m */; };
		ACDDE7FC1E4EFCF600A2AE34 /* ConcreteSubject.m in Sources */ = {isa = PBXBuildFile; fileRef = ACDDE7FB1E4EFCF600A2AE34 /* ConcreteSubject.m */; };
		ACDDE7FF1E4EFD0700A2AE34 /* ConcreteObserve.m in Sources */ = {isa = PBXBuildFile; fileRef = ACDDE7FE1E4EFD0700A2AE34 /* ConcreteObserve.m */; };
/* End PBXBuildFile section */

/* Begin PBXContainerItemProxy section */
		ACDDE7D81E4EF97E00A2AE34 /* PBXContainerItemProxy */ = {
			isa = PBXContainerItemProxy;
			containerPortal = ACDDE7B61E4EF97E00A2AE34 /* Project object */;
			proxyType = 1;
			remoteGlobalIDString = ACDDE7BD1E4EF97E00A2AE34;
			remoteInfo = "观察者模式";
		};
		ACDDE7E31E4EF97F00A2AE34 /* PBXContainerItemProxy */ = {
			isa = PBXContainerItemProxy;
			containerPortal = ACDDE7B61E4EF97E00A2AE34 /* Project object */;
			proxyType = 1;
			remoteGlobalIDString = ACDDE7BD1E4EF97E00A2AE34;
			remoteInfo = "观察者模式";
		};
/* End PBXContainerItemProxy section */

/* Begin PBXFileReference section */
		ACDDE7BE1E4EF97E00A2AE34 /* 观察者模式.app */ = {isa = PBXFileReference; explicitFileType = wrapper.application; includeInIndex = 0; path = "观察者模式.app"; sourceTree = BUILT_PRODUCTS_DIR; };
		ACDDE7C21E4EF97E00A2AE34 /* main.m */ = {isa = PBXFileReference; lastKnownFileType = sourcecode.c.objc; path = main.m; sourceTree = "<group>"; };
		ACDDE7C41E4EF97E00A2AE34 /* AppDelegate.h */ = {isa = PBXFileReference; lastKnownFileType = sourcecode.c.h; path = AppDelegate.h; sourceTree = "<group>"; };
		ACDDE7C51E4EF97E00A2AE34 /* AppDelegate.m */ = {isa = PBXFileReference; lastKnownFileType = sourcecode.c.objc; path = AppDelegate.m; sourceTree = "<group>"; };
		ACDDE7C71E4EF97E00A2AE34 /* ViewController.h */ = {isa = PBXFileReference; lastKnownFileType = sourcecode.c.h; path = ViewController.h; sourceTree = "<group>"; };
		ACDDE7C81E4EF97E00A2AE34 /* ViewController.m */ = {isa = PBXFileReference; lastKnownFileType = sourcecode.c.objc; path = ViewController.m; sourceTree = "<group>"; };
		ACDDE7CB1E4EF97E00A2AE34 /* Base */ = {isa = PBXFileReference; lastKnownFileType = file.storyboard; name = Base; path = Base.lproj/Main.storyboard; sourceTree = "<group>"; };
		ACDDE7CD1E4EF97E00A2AE34 /* Assets.xcassets */ = {isa = PBXFileReference; lastKnownFileType = folder.assetcatalog; path = Assets.xcassets; sourceTree = "<group>"; };
		ACDDE7D01E4EF97E00A2AE34 /* Base */ = {isa = PBXFileReference; lastKnownFileType = file.storyboard; name = Base; path = Base.lproj/LaunchScreen.storyboard; sourceTree = "<group>"; };
		ACDDE7D21E4EF97E00A2AE34 /* Info.plist */ = {isa = PBXFileReference; lastKnownFileType = text.plist.xml; path = Info.plist; sourceTree = "<group>"; };
		ACDDE7D71E4EF97E00A2AE34 /* 观察者模式Tests.xctest */ = {isa = PBXFileReference; explicitFileType = wrapper.cfbundle; includeInIndex = 0; path = "观察者模式Tests.xctest"; sourceTree = BUILT_PRODUCTS_DIR; };
		ACDDE7DB1E4EF97E00A2AE34 /* _____Tests.m */ = {isa = PBXFileReference; lastKnownFileType = sourcecode.c.objc; path = "_____Tests.m"; sourceTree = "<group>"; };
		ACDDE7DD1E4EF97E00A2AE34 /* Info.plist */ = {isa = PBXFileReference; lastKnownFileType = text.plist.xml; path = Info.plist; sourceTree = "<group>"; };
		ACDDE7E21E4EF97F00A2AE34 /* 观察者模式UITests.xctest */ = {isa = PBXFileReference; explicitFileType = wrapper.cfbundle; includeInIndex = 0; path = "观察者模式UITests.xctest"; sourceTree = BUILT_PRODUCTS_DIR; };
		ACDDE7E61E4EF97F00A2AE34 /* _____UITests.m */ = {isa = PBXFileReference; lastKnownFileType = sourcecode.c.objc; path = "_____UITests.m"; sourceTree = "<group>"; };
		ACDDE7E81E4EF97F00A2AE34 /* Info.plist */ = {isa = PBXFileReference; lastKnownFileType = text.plist.xml; path = Info.plist; sourceTree = "<group>"; };
		ACDDE7F41E4EF99700A2AE34 /* Subject.h */ = {isa = PBXFileReference; fileEncoding = 4; lastKnownFileType = sourcecode.c.h; path = Subject.h; sourceTree = "<group>"; };
		ACDDE7F51E4EF99700A2AE34 /* Subject.m */ = {isa = PBXFileReference; fileEncoding = 4; lastKnownFileType = sourcecode.c.objc; path = Subject.m; sourceTree = "<group>"; };
		ACDDE7F71E4EF9A500A2AE34 /* Observe.h */ = {isa = PBXFileReference; fileEncoding = 4; lastKnownFileType = sourcecode.c.h; path = Observe.h; sourceTree = "<group>"; };
		ACDDE7F81E4EF9A500A2AE34 /* Observe.m */ = {isa = PBXFileReference; fileEncoding = 4; lastKnownFileType = sourcecode.c.objc; path = Observe.m; sourceTree = "<group>"; };
		ACDDE7FA1E4EFCF600A2AE34 /* ConcreteSubject.h */ = {isa = PBXFileReference; fileEncoding = 4; lastKnownFileType = sourcecode.c.h; path = ConcreteSubject.h; sourceTree = "<group>"; };
		ACDDE7FB1E4EFCF600A2AE34 /* ConcreteSubject.m */ = {isa = PBXFileReference; fileEncoding = 4; lastKnownFileType = sourcecode.c.objc; path = ConcreteSubject.m; sourceTree = "<group>"; };
		ACDDE7FD1E4EFD0700A2AE34 /* ConcreteObserve.h */ = {isa = PBXFileReference; fileEncoding = 4; lastKnownFileType = sourcecode.c.h; path = ConcreteObserve.h; sourceTree = "<group>"; };
		ACDDE7FE1E4EFD0700A2AE34 /* ConcreteObserve.m */ = {isa = PBXFileReference; fileEncoding = 4; lastKnownFileType = sourcecode.c.objc; path = ConcreteObserve.m; sourceTree = "<group>"; };
/* End PBXFileReference section */

/* Begin PBXFrameworksBuildPhase section */
		ACDDE7BB1E4EF97E00A2AE34 /* Frameworks */ = {
			isa = PBXFrameworksBuildPhase;
			buildActionMask = 2147483647;
			files = (
			);
			runOnlyForDeploymentPostprocessing = 0;
		};
		ACDDE7D41E4EF97E00A2AE34 /* Frameworks */ = {
			isa = PBXFrameworksBuildPhase;
			buildActionMask = 2147483647;
			files = (
			);
			runOnlyForDeploymentPostprocessing = 0;
		};
		ACDDE7DF1E4EF97F00A2AE34 /* Frameworks */ = {
			isa = PBXFrameworksBuildPhase;
			buildActionMask = 2147483647;
			files = (
			);
			runOnlyForDeploymentPostprocessing = 0;
		};
/* End PBXFrameworksBuildPhase section */

/* Begin PBXGroup section */
		ACDDE7B51E4EF97E00A2AE34 = {
			isa = PBXGroup;
			children = (
				ACDDE7C01E4EF97E00A2AE34 /* 观察者模式 */,
				ACDDE7DA1E4EF97E00A2AE34 /* 观察者模式Tests */,
				ACDDE7E51E4EF97F00A2AE34 /* 观察者模式UITests */,
				ACDDE7BF1E4EF97E00A2AE34 /* Products */,
			);
			sourceTree = "<group>";
		};
		ACDDE7BF1E4EF97E00A2AE34 /* Products */ = {
			isa = PBXGroup;
			children = (
				ACDDE7BE1E4EF97E00A2AE34 /* 观察者模式.app */,
				ACDDE7D71E4EF97E00A2AE34 /* 观察者模式Tests.xctest */,
				ACDDE7E21E4EF97F00A2AE34 /* 观察者模式UITests.xctest */,
			);
			name = Products;
			sourceTree = "<group>";
		};
		ACDDE7C01E4EF97E00A2AE34 /* 观察者模式 */ = {
			isa = PBXGroup;
			children = (
				ACDDE7C41E4EF97E00A2AE34 /* AppDelegate.h */,
				ACDDE7C51E4EF97E00A2AE34 /* AppDelegate.m */,
				ACDDE7C71E4EF97E00A2AE34 /* ViewController.h */,
				ACDDE7C81E4EF97E00A2AE34 /* ViewController.m */,
				ACDDE7CA1E4EF97E00A2AE34 /* Main.storyboard */,
				ACDDE7CD1E4EF97E00A2AE34 /* Assets.xcassets */,
				ACDDE7CF1E4EF97E00A2AE34 /* LaunchScreen.storyboard */,
				ACDDE7D21E4EF97E00A2AE34 /* Info.plist */,
				ACDDE7C11E4EF97E00A2AE34 /* Supporting Files */,
				ACDDE7F41E4EF99700A2AE34 /* Subject.h */,
				ACDDE7F51E4EF99700A2AE34 /* Subject.m */,
				ACDDE7FA1E4EFCF600A2AE34 /* ConcreteSubject.h */,
				ACDDE7FB1E4EFCF600A2AE34 /* ConcreteSubject.m */,
				ACDDE7F71E4EF9A500A2AE34 /* Observe.h */,
				ACDDE7F81E4EF9A500A2AE34 /* Observe.m */,
				ACDDE7FD1E4EFD0700A2AE34 /* ConcreteObserve.h */,
				ACDDE7FE1E4EFD0700A2AE34 /* ConcreteObserve.m */,
			);
			path = "观察者模式";
			sourceTree = "<group>";
		};
		ACDDE7C11E4EF97E00A2AE34 /* Supporting Files */ = {
			isa = PBXGroup;
			children = (
				ACDDE7C21E4EF97E00A2AE34 /* main.m */,
			);
			name = "Supporting Files";
			sourceTree = "<group>";
		};
		ACDDE7DA1E4EF97E00A2AE34 /* 观察者模式Tests */ = {
			isa = PBXGroup;
			children = (
				ACDDE7DB1E4EF97E00A2AE34 /* _____Tests.m */,
				ACDDE7DD1E4EF97E00A2AE34 /* Info.plist */,
			);
			path = "观察者模式Tests";
			sourceTree = "<group>";
		};
		ACDDE7E51E4EF97F00A2AE34 /* 观察者模式UITests */ = {
			isa = PBXGroup;
			children = (
				ACDDE7E61E4EF97F00A2AE34 /* _____UITests.m */,
				ACDDE7E81E4EF97F00A2AE34 /* Info.plist */,
			);
			path = "观察者模式UITests";
			sourceTree = "<group>";
		};
/* End PBXGroup section */

/* Begin PBXNativeTarget section */
		ACDDE7BD1E4EF97E00A2AE34 /* 观察者模式 */ = {
			isa = PBXNativeTarget;
			buildConfigurationList = ACDDE7EB1E4EF97F00A2AE34 /* Build configuration list for PBXNativeTarget "观察者模式" */;
			buildPhases = (
				ACDDE7BA1E4EF97E00A2AE34 /* Sources */,
				ACDDE7BB1E4EF97E00A2AE34 /* Frameworks */,
				ACDDE7BC1E4EF97E00A2AE34 /* Resources */,
			);
			buildRules = (
			);
			dependencies = (
			);
			name = "观察者模式";
			productName = "观察者模式";
			productReference = ACDDE7BE1E4EF97E00A2AE34 /* 观察者模式.app */;
			productType = "com.apple.product-type.application";
		};
		ACDDE7D61E4EF97E00A2AE34 /* 观察者模式Tests */ = {
			isa = PBXNativeTarget;
			buildConfigurationList = ACDDE7EE1E4EF97F00A2AE34 /* Build configuration list for PBXNativeTarget "观察者模式Tests" */;
			buildPhases = (
				ACDDE7D31E4EF97E00A2AE34 /* Sources */,
				ACDDE7D41E4EF97E00A2AE34 /* Frameworks */,
				ACDDE7D51E4EF97E00A2AE34 /* Resources */,
			);
			buildRules = (
			);
			dependencies = (
				ACDDE7D91E4EF97E00A2AE34 /* PBXTargetDependency */,
			);
			name = "观察者模式Tests";
			productName = "观察者模式Tests";
			productReference = ACDDE7D71E4EF97E00A2AE34 /* 观察者模式Tests.xctest */;
			productType = "com.apple.product-type.bundle.unit-test";
		};
		ACDDE7E11E4EF97F00A2AE34 /* 观察者模式UITests */ = {
			isa = PBXNativeTarget;
			buildConfigurationList = ACDDE7F11E4EF97F00A2AE34 /* Build configuration list for PBXNativeTarget "观察者模式UITests" */;
			buildPhases = (
				ACDDE7DE1E4EF97F00A2AE34 /* Sources */,
				ACDDE7DF1E4EF97F00A2AE34 /* Frameworks */,
				ACDDE7E01E4EF97F00A2AE34 /* Resources */,
			);
			buildRules = (
			);
			dependencies = (
				ACDDE7E41E4EF97F00A2AE34 /* PBXTargetDependency */,
			);
			name = "观察者模式UITests";
			productName = "观察者模式UITests";
			productReference = ACDDE7E21E4EF97F00A2AE34 /* 观察者模式UITests.xctest */;
			productType = "com.apple.product-type.bundle.ui-testing";
		};
/* End PBXNativeTarget section */

/* Begin PBXProject section */
		ACDDE7B61E4EF97E00A2AE34 /* Project object */ = {
			isa = PBXProject;
			attributes = {
				LastUpgradeCheck = 0800;
				ORGANIZATIONNAME = BlueMobi;
				TargetAttributes = {
					ACDDE7BD1E4EF97E00A2AE34 = {
						CreatedOnToolsVersion = 8.0;
						ProvisioningStyle = Automatic;
					};
					ACDDE7D61E4EF97E00A2AE34 = {
						CreatedOnToolsVersion = 8.0;
						ProvisioningStyle = Automatic;
						TestTargetID = ACDDE7BD1E4EF97E00A2AE34;
					};
					ACDDE7E11E4EF97F00A2AE34 = {
						CreatedOnToolsVersion = 8.0;
						ProvisioningStyle = Automatic;
						TestTargetID = ACDDE7BD1E4EF97E00A2AE34;
					};
				};
			};
			buildConfigurationList = ACDDE7B91E4EF97E00A2AE34 /* Build configuration list for PBXProject "观察者模式" */;
			compatibilityVersion = "Xcode 3.2";
			developmentRegion = English;
			hasScannedForEncodings = 0;
			knownRegions = (
				en,
				Base,
			);
			mainGroup = ACDDE7B51E4EF97E00A2AE34;
			productRefGroup = ACDDE7BF1E4EF97E00A2AE34 /* Products */;
			projectDirPath = "";
			projectRoot = "";
			targets = (
				ACDDE7BD1E4EF97E00A2AE34 /* 观察者模式 */,
				ACDDE7D61E4EF97E00A2AE34 /* 观察者模式Tests */,
				ACDDE7E11E4EF97F00A2AE34 /* 观察者模式UITests */,
			);
		};
/* End PBXProject section */

/* Begin PBXResourcesBuildPhase section */
		ACDDE7BC1E4EF97E00A2AE34 /* Resources */ = {
			isa = PBXResourcesBuildPhase;
			buildActionMask = 2147483647;
			files = (
				ACDDE7D11E4EF97E00A2AE34 /* LaunchScreen.storyboard in Resources */,
				ACDDE7CE1E4EF97E00A2AE34 /* Assets.xcassets in Resources */,
				ACDDE7CC1E4EF97E00A2AE34 /* Main.storyboard in Resources */,
			);
			runOnlyForDeploymentPostprocessing = 0;
		};
		ACDDE7D51E4EF97E00A2AE34 /* Resources */ = {
			isa = PBXResourcesBuildPhase;
			buildActionMask = 2147483647;
			files = (
			);
			runOnlyForDeploymentPostprocessing = 0;
		};
		ACDDE7E01E4EF97F00A2AE34 /* Resources */ = {
			isa = PBXResourcesBuildPhase;
			buildActionMask = 2147483647;
			files = (
			);
			runOnlyForDeploymentPostprocessing = 0;
		};
/* End PBXResourcesBuildPhase section */

/* Begin PBXSourcesBuildPhase section */
		ACDDE7BA1E4EF97E00A2AE34 /* Sources */ = {
			isa = PBXSourcesBuildPhase;
			buildActionMask = 2147483647;
			files = (
				ACDDE7F61E4EF99700A2AE34 /* Subject.m in Sources */,
				ACDDE7F91E4EF9A500A2AE34 /* Observe.m in Sources */,
				ACDDE7C91E4EF97E00A2AE34 /* ViewController.m in Sources */,
				ACDDE7FC1E4EFCF600A2AE34 /* ConcreteSubject.m in Sources */,
				ACDDE7FF1E4EFD0700A2AE34 /* ConcreteObserve.m in Sources */,
				ACDDE7C61E4EF97E00A2AE34 /* AppDelegate.m in Sources */,
				ACDDE7C31E4EF97E00A2AE34 /* main.m in Sources */,
			);
			runOnlyForDeploymentPostprocessing = 0;
		};
		ACDDE7D31E4EF97E00A2AE34 /* Sources */ = {
			isa = PBXSourcesBuildPhase;
			buildActionMask = 2147483647;
			files = (
				ACDDE7DC1E4EF97E00A2AE34 /* _____Tests.m in Sources */,
			);
			runOnlyForDeploymentPostprocessing = 0;
		};
		ACDDE7DE1E4EF97F00A2AE34 /* Sources */ = {
			isa = PBXSourcesBuildPhase;
			buildActionMask = 2147483647;
			files = (
				ACDDE7E71E4EF97F00A2AE34 /* _____UITests.m in Sources */,
			);
			runOnlyForDeploymentPostprocessing = 0;
		};
/* End PBXSourcesBuildPhase section */

/* Begin PBXTargetDependency section */
		ACDDE7D91E4EF97E00A2AE34 /* PBXTargetDependency */ = {
			isa = PBXTargetDependency;
			target = ACDDE7BD1E4EF97E00A2AE34 /* 观察者模式 */;
			targetProxy = ACDDE7D81E4EF97E00A2AE34 /* PBXContainerItemProxy */;
		};
		ACDDE7E41E4EF97F00A2AE34 /* PBXTargetDependency */ = {
			isa = PBXTargetDependency;
			target = ACDDE7BD1E4EF97E00A2AE34 /* 观察者模式 */;
			targetProxy = ACDDE7E31E4EF97F00A2AE34 /* PBXContainerItemProxy */;
		};
/* End PBXTargetDependency section */

/* Begin PBXVariantGroup section */
		ACDDE7CA1E4EF97E00A2AE34 /* Main.storyboard */ = {
			isa = PBXVariantGroup;
			children = (
				ACDDE7CB1E4EF97E00A2AE34 /* Base */,
			);
			name = Main.storyboard;
			sourceTree = "<group>";
		};
		ACDDE7CF1E4EF97E00A2AE34 /* LaunchScreen.storyboard */ = {
			isa = PBXVariantGroup;
			children = (
				ACDDE7D01E4EF97E00A2AE34 /* Base */,
			);
			name = LaunchScreen.storyboard;
			sourceTree = "<group>";
		};
/* End PBXVariantGroup section */

/* Begin XCBuildConfiguration section */
		ACDDE7E91E4EF97F00A2AE34 /* Debug */ = {
			isa = XCBuildConfiguration;
			buildSettings = {
				ALWAYS_SEARCH_USER_PATHS = NO;
				CLANG_ANALYZER_NONNULL = YES;
				CLANG_CXX_LANGUAGE_STANDARD = "gnu++0x";
				CLANG_CXX_LIBRARY = "libc++";
				CLANG_ENABLE_MODULES = YES;
				CLANG_ENABLE_OBJC_ARC = YES;
				CLANG_WARN_BOOL_CONVERSION = YES;
				CLANG_WARN_CONSTANT_CONVERSION = YES;
				CLANG_WARN_DIRECT_OBJC_ISA_USAGE = YES_ERROR;
				CLANG_WARN_DOCUMENTATION_COMMENTS = YES;
				CLANG_WARN_EMPTY_BODY = YES;
				CLANG_WARN_ENUM_CONVERSION = YES;
				CLANG_WARN_INFINITE_RECURSION = YES;
				CLANG_WARN_INT_CONVERSION = YES;
				CLANG_WARN_OBJC_ROOT_CLASS = YES_ERROR;
				CLANG_WARN_SUSPICIOUS_MOVES = YES;
				CLANG_WARN_UNREACHABLE_CODE = YES;
				CLANG_WARN__DUPLICATE_METHOD_MATCH = YES;
				"CODE_SIGN_IDENTITY[sdk=iphoneos*]" = "iPhone Developer";
				COPY_PHASE_STRIP = NO;
				DEBUG_INFORMATION_FORMAT = dwarf;
				ENABLE_STRICT_OBJC_MSGSEND = YES;
				ENABLE_TESTABILITY = YES;
				GCC_C_LANGUAGE_STANDARD = gnu99;
				GCC_DYNAMIC_NO_PIC = NO;
				GCC_NO_COMMON_BLOCKS = YES;
				GCC_OPTIMIZATION_LEVEL = 0;
				GCC_PREPROCESSOR_DEFINITIONS = (
					"DEBUG=1",
					"$(inherited)",
				);
				GCC_WARN_64_TO_32_BIT_CONVERSION = YES;
				GCC_WARN_ABOUT_RETURN_TYPE = YES_ERROR;
				GCC_WARN_UNDECLARED_SELECTOR = YES;
				GCC_WARN_UNINITIALIZED_AUTOS = YES_AGGRESSIVE;
				GCC_WARN_UNUSED_FUNCTION = YES;
				GCC_WARN_UNUSED_VARIABLE = YES;
				IPHONEOS_DEPLOYMENT_TARGET = 10.0;
				MTL_ENABLE_DEBUG_INFO = YES;
				ONLY_ACTIVE_ARCH = YES;
				SDKROOT = iphoneos;
				TARGETED_DEVICE_FAMILY = "1,2";
			};
			name = Debug;
		};
		ACDDE7EA1E4EF97F00A2AE34 /* Release */ = {
			isa = XCBuildConfiguration;
			buildSettings = {
				ALWAYS_SEARCH_USER_PATHS = NO;
				CLANG_ANALYZER_NONNULL = YES;
				CLANG_CXX_LANGUAGE_STANDARD = "gnu++0x";
				CLANG_CXX_LIBRARY = "libc++";
				CLANG_ENABLE_MODULES = YES;
				CLANG_ENABLE_OBJC_ARC = YES;
				CLANG_WARN_BOOL_CONVERSION = YES;
				CLANG_WARN_CONSTANT_CONVERSION = YES;
				CLANG_WARN_DIRECT_OBJC_ISA_USAGE = YES_ERROR;
				CLANG_WARN_DOCUMENTATION_COMMENTS = YES;
				CLANG_WARN_EMPTY_BODY = YES;
				CLANG_WARN_ENUM_CONVERSION = YES;
				CLANG_WARN_INFINITE_RECURSION = YES;
				CLANG_WARN_INT_CONVERSION = YES;
				CLANG_WARN_OBJC_ROOT_CLASS = YES_ERROR;
				CLANG_WARN_SUSPICIOUS_MOVES = YES;
				CLANG_WARN_UNREACHABLE_CODE = YES;
				CLANG_WARN__DUPLICATE_METHOD_MATCH = YES;
				"CODE_SIGN_IDENTITY[sdk=iphoneos*]" = "iPhone Developer";
				COPY_PHASE_STRIP = NO;
				DEBUG_INFORMATION_FORMAT = "dwarf-with-dsym";
				ENABLE_NS_ASSERTIONS = NO;
				ENABLE_STRICT_OBJC_MSGSEND = YES;
				GCC_C_LANGUAGE_STANDARD = gnu99;
				GCC_NO_COMMON_BLOCKS = YES;
				GCC_WARN_64_TO_32_BIT_CONVERSION = YES;
				GCC_WARN_ABOUT_RETURN_TYPE = YES_ERROR;
				GCC_WARN_UNDECLARED_SELECTOR = YES;
				GCC_WARN_UNINITIALIZED_AUTOS = YES_AGGRESSIVE;
				GCC_WARN_UNUSED_FUNCTION = YES;
				GCC_WARN_UNUSED_VARIABLE = YES;
				IPHONEOS_DEPLOYMENT_TARGET = 10.0;
				MTL_ENABLE_DEBUG_INFO = NO;
				SDKROOT = iphoneos;
				TARGETED_DEVICE_FAMILY = "1,2";
				VALIDATE_PRODUCT = YES;
			};
			name = Release;
		};
		ACDDE7EC1E4EF97F00A2AE34 /* Debug */ = {
			isa = XCBuildConfiguration;
			buildSettings = {
				ASSETCATALOG_COMPILER_APPICON_NAME = AppIcon;
				INFOPLIST_FILE = "观察者模式/Info.plist";
				LD_RUNPATH_SEARCH_PATHS = "$(inherited) @executable_path/Frameworks";
				PRODUCT_BUNDLE_IDENTIFIER = "com.MainDesign.www.-----";
				PRODUCT_NAME = "$(TARGET_NAME)";
			};
			name = Debug;
		};
		ACDDE7ED1E4EF97F00A2AE34 /* Release */ = {
			isa = XCBuildConfiguration;
			buildSettings = {
				ASSETCATALOG_COMPILER_APPICON_NAME = AppIcon;
				INFOPLIST_FILE = "观察者模式/Info.plist";
				LD_RUNPATH_SEARCH_PATHS = "$(inherited) @executable_path/Frameworks";
				PRODUCT_BUNDLE_IDENTIFIER = "com.MainDesign.www.-----";
				PRODUCT_NAME = "$(TARGET_NAME)";
			};
			name = Release;
		};
		ACDDE7EF1E4EF97F00A2AE34 /* Debug */ = {
			isa = XCBuildConfiguration;
			buildSettings = {
				BUNDLE_LOADER = "$(TEST_HOST)";
				INFOPLIST_FILE = "观察者模式Tests/Info.plist";
				LD_RUNPATH_SEARCH_PATHS = "$(inherited) @executable_path/Frameworks @loader_path/Frameworks";
				PRODUCT_BUNDLE_IDENTIFIER = "com.MainDesign.www.-----Tests";
				PRODUCT_NAME = "$(TARGET_NAME)";
				TEST_HOST = "$(BUILT_PRODUCTS_DIR)/观察者模式.app/观察者模式";
			};
			name = Debug;
		};
		ACDDE7F01E4EF97F00A2AE34 /* Release */ = {
			isa = XCBuildConfiguration;
			buildSettings = {
				BUNDLE_LOADER = "$(TEST_HOST)";
				INFOPLIST_FILE = "观察者模式Tests/Info.plist";
				LD_RUNPATH_SEARCH_PATHS = "$(inherited) @executable_path/Frameworks @loader_path/Frameworks";
				PRODUCT_BUNDLE_IDENTIFIER = "com.MainDesign.www.-----Tests";
				PRODUCT_NAME = "$(TARGET_NAME)";
				TEST_HOST = "$(BUILT_PRODUCTS_DIR)/观察者模式.app/观察者模式";
			};
			name = Release;
		};
		ACDDE7F21E4EF97F00A2AE34 /* Debug */ = {
			isa = XCBuildConfiguration;
			buildSettings = {
				INFOPLIST_FILE = "观察者模式UITests/Info.plist";
				LD_RUNPATH_SEARCH_PATHS = "$(inherited) @executable_path/Frameworks @loader_path/Frameworks";
				PRODUCT_BUNDLE_IDENTIFIER = "com.MainDesign.www.-----UITests";
				PRODUCT_NAME = "$(TARGET_NAME)";
				TEST_TARGET_NAME = "观察者模式";
			};
			name = Debug;
		};
		ACDDE7F31E4EF97F00A2AE34 /* Release */ = {
			isa = XCBuildConfiguration;
			buildSettings = {
				INFOPLIST_FILE = "观察者模式UITests/Info.plist";
				LD_RUNPATH_SEARCH_PATHS = "$(inherited) @executable_path/Frameworks @loader_path/Frameworks";
				PRODUCT_BUNDLE_IDENTIFIER = "com.MainDesign.www.-----UITests";
				PRODUCT_NAME = "$(TARGET_NAME)";
				TEST_TARGET_NAME = "观察者模式";
			};
			name = Release;
		};
/* End XCBuildConfiguration section */

/* Begin XCConfigurationList section */
		ACDDE7B91E4EF97E00A2AE34 /* Build configuration list for PBXProject "观察者模式" */ = {
			isa = XCConfigurationList;
			buildConfigurations = (
				ACDDE7E91E4EF97F00A2AE34 /* Debug */,
				ACDDE7EA1E4EF97F00A2AE34 /* Release */,
			);
			defaultConfigurationIsVisible = 0;
			defaultConfigurationName = Release;
		};
		ACDDE7EB1E4EF97F00A2AE34 /* Build configuration list for PBXNativeTarget "观察者模式" */ = {
			isa = XCConfigurationList;
			buildConfigurations = (
				ACDDE7EC1E4EF97F00A2AE34 /* Debug */,
				ACDDE7ED1E4EF97F00A2AE34 /* Release */,
			);
			defaultConfigurationIsVisible = 0;
		};
		ACDDE7EE1E4EF97F00A2AE34 /* Build configuration list for PBXNativeTarget "观察者模式Tests" */ = {
			isa = XCConfigurationList;
			buildConfigurations = (
				ACDDE7EF1E4EF97F00A2AE34 /* Debug */,
				ACDDE7F01E4EF97F00A2AE34 /* Release */,
			);
			defaultConfigurationIsVisible = 0;
		};
		ACDDE7F11E4EF97F00A2AE34 /* Build configuration list for PBXNativeTarget "观察者模式UITests" */ = {
			isa = XCConfigurationList;
			buildConfigurations = (
				ACDDE7F21E4EF97F00A2AE34 /* Debug */,
				ACDDE7F31E4EF97F00A2AE34 /* Release */,
			);
			defaultConfigurationIsVisible = 0;
		};
/* End XCConfigurationList section */
	};
	rootObject = ACDDE7B61E4EF97E00A2AE34 /* Project object */;
}
